# Origin export configuration to test single export from config block

Origin:
  # Things that configure the origin itself
  StorageType: "s3"
  S3ServiceUrl: "https://example.com"

  # The actual namespaces we export
  Exports:
    - S3Bucket: "my-bucket"
      S3AccessKeyfile: "SHOULD-OVERRIDE-TEMPFILE"
      S3SecretKeyfile: "SHOULD-OVERRIDE-TEMPFILE"
      FederationPrefix: "/first/namespace"
      StoragePrefix: "/"
      Capabilities: ["PublicReads", "DirectReads"]
